
Microsoft Visual Studio Solution File, Format Version 12.00
# Visual Studio 2015
Project("{FAE04EC0-301F-11D3-BF4B-00C04F79EFBC}") = "3D_game_final_0618.CSharp", "3D_game_final_0618.CSharp.csproj", "{7886042F-A5F2-A1EF-F485-04B97C74B031}"
EndProject
Project("{FAE04EC0-301F-11D3-BF4B-00C04F79EFBC}") = "3D_game_final_0618.CSharp.Editor", "3D_game_final_0618.CSharp.Editor.csproj", "{98AD7CA0-6D71-3910-5F55-910C4EB5A4AB}"
EndProject
Global
	GlobalSection(SolutionConfigurationPlatforms) = preSolution
		Debug|Any CPU = Debug|Any CPU
		Release|Any CPU = Release|Any CPU
	EndGlobalSection
	GlobalSection(ProjectConfigurationPlatforms) = postSolution
		{7886042F-A5F2-A1EF-F485-04B97C74B031}.Debug|Any CPU.ActiveCfg = Debug|Any CPU
		{7886042F-A5F2-A1EF-F485-04B97C74B031}.Debug|Any CPU.Build.0 = Debug|Any CPU
		{7886042F-A5F2-A1EF-F485-04B97C74B031}.Release|Any CPU.ActiveCfg = Release|Any CPU
		{7886042F-A5F2-A1EF-F485-04B97C74B031}.Release|Any CPU.Build.0 = Release|Any CPU
		{98AD7CA0-6D71-3910-5F55-910C4EB5A4AB}.Debug|Any CPU.ActiveCfg = Debug|Any CPU
		{98AD7CA0-6D71-3910-5F55-910C4EB5A4AB}.Debug|Any CPU.Build.0 = Debug|Any CPU
		{98AD7CA0-6D71-3910-5F55-910C4EB5A4AB}.Release|Any CPU.ActiveCfg = Release|Any CPU
		{98AD7CA0-6D71-3910-5F55-910C4EB5A4AB}.Release|Any CPU.Build.0 = Release|Any CPU
	EndGlobalSection
	GlobalSection(SolutionProperties) = preSolution
		HideSolutionNode = FALSE
	EndGlobalSection
EndGlobal
